// !$*UTF8*$!
{
	archiveVersion = 1;
	classes = {
	};
	objectVersion = 55;
	objects = {

/* Begin PBXBuildFile section */
		9C0B9A40270F691D00DF2B5F /* iChatApp.swift in Sources */ = {isa = PBXBuildFile; fileRef = 9C0B9A3F270F691D00DF2B5F /* iChatApp.swift */; };
		9C0B9A42270F691D00DF2B5F /* SignInView.swift in Sources */ = {isa = PBXBuildFile; fileRef = 9C0B9A41270F691D00DF2B5F /* SignInView.swift */; };
		9C0B9A44270F692100DF2B5F /* Assets.xcassets in Resources */ = {isa = PBXBuildFile; fileRef = 9C0B9A43270F692100DF2B5F /* Assets.xcassets */; };
		9C0B9A47270F692100DF2B5F /* Preview Assets.xcassets in Resources */ = {isa = PBXBuildFile; fileRef = 9C0B9A46270F692100DF2B5F /* Preview Assets.xcassets */; };
		AA4F6E892B0BF51C0028C4F8 /* SignInViewModel.swift in Sources */ = {isa = PBXBuildFile; fileRef = AA4F6E882B0BF51C0028C4F8 /* SignInViewModel.swift */; };
		AA4F6E8F2B0BFF600028C4F8 /* SignUpView.swift in Sources */ = {isa = PBXBuildFile; fileRef = AA4F6E8E2B0BFF600028C4F8 /* SignUpView.swift */; };
		AA4F6E912B0C00050028C4F8 /* SignUpViewModel.swift in Sources */ = {isa = PBXBuildFile; fileRef = AA4F6E902B0C00050028C4F8 /* SignUpViewModel.swift */; };
		AA7186202B0C12FA00A05ADA /* Extension+Layout.swift in Sources */ = {isa = PBXBuildFile; fileRef = AA71861F2B0C12FA00A05ADA /* Extension+Layout.swift */; };
/* End PBXBuildFile section */

/* Begin PBXFileReference section */
		9C0B9A3C270F691D00DF2B5F /* iChat.app */ = {isa = PBXFileReference; explicitFileType = wrapper.application; includeInIndex = 0; path = iChat.app; sourceTree = BUILT_PRODUCTS_DIR; };
		9C0B9A3F270F691D00DF2B5F /* iChatApp.swift */ = {isa = PBXFileReference; lastKnownFileType = sourcecode.swift; path = iChatApp.swift; sourceTree = "<group>"; };
		9C0B9A41270F691D00DF2B5F /* SignInView.swift */ = {isa = PBXFileReference; lastKnownFileType = sourcecode.swift; path = SignInView.swift; sourceTree = "<group>"; };
		9C0B9A43270F692100DF2B5F /* Assets.xcassets */ = {isa = PBXFileReference; lastKnownFileType = folder.assetcatalog; path = Assets.xcassets; sourceTree = "<group>"; };
		9C0B9A46270F692100DF2B5F /* Preview Assets.xcassets */ = {isa = PBXFileReference; lastKnownFileType = folder.assetcatalog; path = "Preview Assets.xcassets"; sourceTree = "<group>"; };
		AA4F6E882B0BF51C0028C4F8 /* SignInViewModel.swift */ = {isa = PBXFileReference; lastKnownFileType = sourcecode.swift; path = SignInViewModel.swift; sourceTree = "<group>"; };
		AA4F6E8E2B0BFF600028C4F8 /* SignUpView.swift */ = {isa = PBXFileReference; lastKnownFileType = sourcecode.swift; path = SignUpView.swift; sourceTree = "<group>"; };
		AA4F6E902B0C00050028C4F8 /* SignUpViewModel.swift */ = {isa = PBXFileReference; lastKnownFileType = sourcecode.swift; path = SignUpViewModel.swift; sourceTree = "<group>"; };
		AA71861F2B0C12FA00A05ADA /* Extension+Layout.swift */ = {isa = PBXFileReference; lastKnownFileType = sourcecode.swift; path = "Extension+Layout.swift"; sourceTree = "<group>"; };
/* End PBXFileReference section */

/* Begin PBXFrameworksBuildPhase section */
		9C0B9A39270F691D00DF2B5F /* Frameworks */ = {
			isa = PBXFrameworksBuildPhase;
			buildActionMask = 2147483647;
			files = (
			);
			runOnlyForDeploymentPostprocessing = 0;
		};
/* End PBXFrameworksBuildPhase section */

/* Begin PBXGroup section */
		9C0B9A33270F691D00DF2B5F = {
			isa = PBXGroup;
			children = (
				9C0B9A3E270F691D00DF2B5F /* iChat */,
				9C0B9A3D270F691D00DF2B5F /* Products */,
			);
			sourceTree = "<group>";
		};
		9C0B9A3D270F691D00DF2B5F /* Products */ = {
			isa = PBXGroup;
			children = (
				9C0B9A3C270F691D00DF2B5F /* iChat.app */,
			);
			name = Products;
			sourceTree = "<group>";
		};
		9C0B9A3E270F691D00DF2B5F /* iChat */ = {
			isa = PBXGroup;
			children = (
				AA4F6E802B0BF4190028C4F8 /* Start */,
				AA4F6E872B0BF4F60028C4F8 /* Resources */,
				AA4F6E812B0BF4AE0028C4F8 /* Feature */,
				9C0B9A45270F692100DF2B5F /* Preview Content */,
			);
			path = iChat;
			sourceTree = "<group>";
		};
		9C0B9A45270F692100DF2B5F /* Preview Content */ = {
			isa = PBXGroup;
			children = (
				9C0B9A46270F692100DF2B5F /* Preview Assets.xcassets */,
			);
			path = "Preview Content";
			sourceTree = "<group>";
		};
		AA4F6E802B0BF4190028C4F8 /* Start */ = {
			isa = PBXGroup;
			children = (
				9C0B9A3F270F691D00DF2B5F /* iChatApp.swift */,
			);
			path = Start;
			sourceTree = "<group>";
		};
		AA4F6E812B0BF4AE0028C4F8 /* Feature */ = {
			isa = PBXGroup;
			children = (
				AA4F6E822B0BF4B90028C4F8 /* Scene */,
			);
			path = Feature;
			sourceTree = "<group>";
		};
		AA4F6E822B0BF4B90028C4F8 /* Scene */ = {
			isa = PBXGroup;
			children = (
				AA4F6E832B0BF4C20028C4F8 /* SignIn */,
				AA4F6E8A2B0BFD450028C4F8 /* SignUp */,
			);
			path = Scene;
			sourceTree = "<group>";
		};
		AA4F6E832B0BF4C20028C4F8 /* SignIn */ = {
			isa = PBXGroup;
			children = (
				AA4F6E862B0BF4DA0028C4F8 /* Domain */,
				AA4F6E852B0BF4D70028C4F8 /* Presentation */,
				AA4F6E842B0BF4D40028C4F8 /* UI */,
			);
			path = SignIn;
			sourceTree = "<group>";
		};
		AA4F6E842B0BF4D40028C4F8 /* UI */ = {
			isa = PBXGroup;
			children = (
				9C0B9A41270F691D00DF2B5F /* SignInView.swift */,
			);
			path = UI;
			sourceTree = "<group>";
		};
		AA4F6E852B0BF4D70028C4F8 /* Presentation */ = {
			isa = PBXGroup;
			children = (
				AA4F6E882B0BF51C0028C4F8 /* SignInViewModel.swift */,
			);
			path = Presentation;
			sourceTree = "<group>";
		};
		AA4F6E862B0BF4DA0028C4F8 /* Domain */ = {
			isa = PBXGroup;
			children = (
			);
			path = Domain;
			sourceTree = "<group>";
		};
		AA4F6E872B0BF4F60028C4F8 /* Resources */ = {
			isa = PBXGroup;
			children = (
				9C0B9A43270F692100DF2B5F /* Assets.xcassets */,
			);
			path = Resources;
			sourceTree = "<group>";
		};
		AA4F6E8A2B0BFD450028C4F8 /* SignUp */ = {
			isa = PBXGroup;
			children = (
				AA71861E2B0C12E000A05ADA /* Extension+Layout */,
				AA4F6E8D2B0BFD580028C4F8 /* Domain */,
				AA4F6E8C2B0BFD550028C4F8 /* Presentation */,
				AA4F6E8B2B0BFD530028C4F8 /* UI */,
			);
			path = SignUp;
			sourceTree = "<group>";
		};
		AA4F6E8B2B0BFD530028C4F8 /* UI */ = {
			isa = PBXGroup;
			children = (
				AA4F6E8E2B0BFF600028C4F8 /* SignUpView.swift */,
			);
			path = UI;
			sourceTree = "<group>";
		};
		AA4F6E8C2B0BFD550028C4F8 /* Presentation */ = {
			isa = PBXGroup;
			children = (
				AA4F6E902B0C00050028C4F8 /* SignUpViewModel.swift */,
			);
			path = Presentation;
			sourceTree = "<group>";
		};
		AA4F6E8D2B0BFD580028C4F8 /* Domain */ = {
			isa = PBXGroup;
			children = (
			);
			path = Domain;
			sourceTree = "<group>";
		};
		AA71861E2B0C12E000A05ADA /* Extension+Layout */ = {
			isa = PBXGroup;
			children = (
				AA71861F2B0C12FA00A05ADA /* Extension+Layout.swift */,
			);
			path = "Extension+Layout";
			sourceTree = "<group>";
		};
/* End PBXGroup section */

/* Begin PBXNativeTarget section */
		9C0B9A3B270F691D00DF2B5F /* iChat */ = {
			isa = PBXNativeTarget;
			buildConfigurationList = 9C0B9A4A270F692100DF2B5F /* Build configuration list for PBXNativeTarget "iChat" */;
			buildPhases = (
				9C0B9A38270F691D00DF2B5F /* Sources */,
				9C0B9A39270F691D00DF2B5F /* Frameworks */,
				9C0B9A3A270F691D00DF2B5F /* Resources */,
			);
			buildRules = (
			);
			dependencies = (
			);
			name = iChat;
			productName = iChat;
			productReference = 9C0B9A3C270F691D00DF2B5F /* iChat.app */;
			productType = "com.apple.product-type.application";
		};
/* End PBXNativeTarget section */

/* Begin PBXProject section */
		9C0B9A34270F691D00DF2B5F /* Project object */ = {
			isa = PBXProject;
			attributes = {
				BuildIndependentTargetsInParallel = 1;
				LastSwiftUpdateCheck = 1300;
				LastUpgradeCheck = 1500;
				TargetAttributes = {
					9C0B9A3B270F691D00DF2B5F = {
						CreatedOnToolsVersion = 13.0;
					};
				};
			};
			buildConfigurationList = 9C0B9A37270F691D00DF2B5F /* Build configuration list for PBXProject "iChat" */;
			compatibilityVersion = "Xcode 13.0";
			developmentRegion = en;
			hasScannedForEncodings = 0;
			knownRegions = (
				en,
				Base,
			);
			mainGroup = 9C0B9A33270F691D00DF2B5F;
			productRefGroup = 9C0B9A3D270F691D00DF2B5F /* Products */;
			projectDirPath = "";
			projectRoot = "";
			targets = (
				9C0B9A3B270F691D00DF2B5F /* iChat */,
			);
		};
/* End PBXProject section */

/* Begin PBXResourcesBuildPhase section */
		9C0B9A3A270F691D00DF2B5F /* Resources */ = {
			isa = PBXResourcesBuildPhase;
			buildActionMask = 2147483647;
			files = (
				9C0B9A47270F692100DF2B5F /* Preview Assets.xcassets in Resources */,
				9C0B9A44270F692100DF2B5F /* Assets.xcassets in Resources */,
			);
			runOnlyForDeploymentPostprocessing = 0;
		};
/* End PBXResourcesBuildPhase section */

/* Begin PBXSourcesBuildPhase section */
		9C0B9A38270F691D00DF2B5F /* Sources */ = {
			isa = PBXSourcesBuildPhase;
			buildActionMask = 2147483647;
			files = (
				AA4F6E8F2B0BFF600028C4F8 /* SignUpView.swift in Sources */,
				AA7186202B0C12FA00A05ADA /* Extension+Layout.swift in Sources */,
				9C0B9A42270F691D00DF2B5F /* SignInView.swift in Sources */,
				AA4F6E912B0C00050028C4F8 /* SignUpViewModel.swift in Sources */,
				9C0B9A40270F691D00DF2B5F /* iChatApp.swift in Sources */,
				AA4F6E892B0BF51C0028C4F8 /* SignInViewModel.swift in Sources */,
			);
			runOnlyForDeploymentPostprocessing = 0;
		};
/* End PBXSourcesBuildPhase section */

/* Begin XCBuildConfiguration section */
		9C0B9A48270F692100DF2B5F /* Debug */ = {
			isa = XCBuildConfiguration;
			buildSettings = {
				ALWAYS_SEARCH_USER_PATHS = NO;
				CLANG_ANALYZER_NONNULL = YES;
				CLANG_ANALYZER_NUMBER_OBJECT_CONVERSION = YES_AGGRESSIVE;
				CLANG_CXX_LANGUAGE_STANDARD = "gnu++17";
				CLANG_CXX_LIBRARY = "libc++";
				CLANG_ENABLE_MODULES = YES;
				CLANG_ENABLE_OBJC_ARC = YES;
				CLANG_ENABLE_OBJC_WEAK = YES;
				CLANG_WARN_BLOCK_CAPTURE_AUTORELEASING = YES;
				CLANG_WARN_BOOL_CONVERSION = YES;
				CLANG_WARN_COMMA = YES;
				CLANG_WARN_CONSTANT_CONVERSION = YES;
				CLANG_WARN_DEPRECATED_OBJC_IMPLEMENTATIONS = YES;
				CLANG_WARN_DIRECT_OBJC_ISA_USAGE = YES_ERROR;
				CLANG_WARN_DOCUMENTATION_COMMENTS = YES;
				CLANG_WARN_EMPTY_BODY = YES;
				CLANG_WARN_ENUM_CONVERSION = YES;
				CLANG_WARN_INFINITE_RECURSION = YES;
				CLANG_WARN_INT_CONVERSION = YES;
				CLANG_WARN_NON_LITERAL_NULL_CONVERSION = YES;
				CLANG_WARN_OBJC_IMPLICIT_RETAIN_SELF = YES;
				CLANG_WARN_OBJC_LITERAL_CONVERSION = YES;
				CLANG_WARN_OBJC_ROOT_CLASS = YES_ERROR;
				CLANG_WARN_QUOTED_INCLUDE_IN_FRAMEWORK_HEADER = YES;
				CLANG_WARN_RANGE_LOOP_ANALYSIS = YES;
				CLANG_WARN_STRICT_PROTOTYPES = YES;
				CLANG_WARN_SUSPICIOUS_MOVE = YES;
				CLANG_WARN_UNGUARDED_AVAILABILITY = YES_AGGRESSIVE;
				CLANG_WARN_UNREACHABLE_CODE = YES;
				CLANG_WARN__DUPLICATE_METHOD_MATCH = YES;
				COPY_PHASE_STRIP = NO;
				DEBUG_INFORMATION_FORMAT = dwarf;
				ENABLE_STRICT_OBJC_MSGSEND = YES;
				ENABLE_TESTABILITY = YES;
				ENABLE_USER_SCRIPT_SANDBOXING = YES;
				GCC_C_LANGUAGE_STANDARD = gnu11;
				GCC_DYNAMIC_NO_PIC = NO;
				GCC_NO_COMMON_BLOCKS = YES;
				GCC_OPTIMIZATION_LEVEL = 0;
				GCC_PREPROCESSOR_DEFINITIONS = (
					"DEBUG=1",
					"$(inherited)",
				);
				GCC_WARN_64_TO_32_BIT_CONVERSION = YES;
				GCC_WARN_ABOUT_RETURN_TYPE = YES_ERROR;
				GCC_WARN_UNDECLARED_SELECTOR = YES;
				GCC_WARN_UNINITIALIZED_AUTOS = YES_AGGRESSIVE;
				GCC_WARN_UNUSED_FUNCTION = YES;
				GCC_WARN_UNUSED_VARIABLE = YES;
				IPHONEOS_DEPLOYMENT_TARGET = 17.0;
				MTL_ENABLE_DEBUG_INFO = INCLUDE_SOURCE;
				MTL_FAST_MATH = YES;
				ONLY_ACTIVE_ARCH = YES;
				SDKROOT = iphoneos;
				SWIFT_ACTIVE_COMPILATION_CONDITIONS = DEBUG;
				SWIFT_OPTIMIZATION_LEVEL = "-Onone";
			};
			name = Debug;
		};
		9C0B9A49270F692100DF2B5F /* Release */ = {
			isa = XCBuildConfiguration;
			buildSettings = {
				ALWAYS_SEARCH_USER_PATHS = NO;
				CLANG_ANALYZER_NONNULL = YES;
				CLANG_ANALYZER_NUMBER_OBJECT_CONVERSION = YES_AGGRESSIVE;
				CLANG_CXX_LANGUAGE_STANDARD = "gnu++17";
				CLANG_CXX_LIBRARY = "libc++";
				CLANG_ENABLE_MODULES = YES;
				CLANG_ENABLE_OBJC_ARC = YES;
				CLANG_ENABLE_OBJC_WEAK = YES;
				CLANG_WARN_BLOCK_CAPTURE_AUTORELEASING = YES;
				CLANG_WARN_BOOL_CONVERSION = YES;
				CLANG_WARN_COMMA = YES;
				CLANG_WARN_CONSTANT_CONVERSION = YES;
				CLANG_WARN_DEPRECATED_OBJC_IMPLEMENTATIONS = YES;
				CLANG_WARN_DIRECT_OBJC_ISA_USAGE = YES_ERROR;
				CLANG_WARN_DOCUMENTATION_COMMENTS = YES;
				CLANG_WARN_EMPTY_BODY = YES;
				CLANG_WARN_ENUM_CONVERSION = YES;
				CLANG_WARN_INFINITE_RECURSION = YES;
				CLANG_WARN_INT_CONVERSION = YES;
				CLANG_WARN_NON_LITERAL_NULL_CONVERSION = YES;
				CLANG_WARN_OBJC_IMPLICIT_RETAIN_SELF = YES;
				CLANG_WARN_OBJC_LITERAL_CONVERSION = YES;
				CLANG_WARN_OBJC_ROOT_CLASS = YES_ERROR;
				CLANG_WARN_QUOTED_INCLUDE_IN_FRAMEWORK_HEADER = YES;
				CLANG_WARN_RANGE_LOOP_ANALYSIS = YES;
				CLANG_WARN_STRICT_PROTOTYPES = YES;
				CLANG_WARN_SUSPICIOUS_MOVE = YES;
				CLANG_WARN_UNGUARDED_AVAILABILITY = YES_AGGRESSIVE;
				CLANG_WARN_UNREACHABLE_CODE = YES;
				CLANG_WARN__DUPLICATE_METHOD_MATCH = YES;
				COPY_PHASE_STRIP = NO;
				DEBUG_INFORMATION_FORMAT = "dwarf-with-dsym";
				ENABLE_NS_ASSERTIONS = NO;
				ENABLE_STRICT_OBJC_MSGSEND = YES;
				ENABLE_USER_SCRIPT_SANDBOXING = YES;
				GCC_C_LANGUAGE_STANDARD = gnu11;
				GCC_NO_COMMON_BLOCKS = YES;
				GCC_WARN_64_TO_32_BIT_CONVERSION = YES;
				GCC_WARN_ABOUT_RETURN_TYPE = YES_ERROR;
				GCC_WARN_UNDECLARED_SELECTOR = YES;
				GCC_WARN_UNINITIALIZED_AUTOS = YES_AGGRESSIVE;
				GCC_WARN_UNUSED_FUNCTION = YES;
				GCC_WARN_UNUSED_VARIABLE = YES;
				IPHONEOS_DEPLOYMENT_TARGET = 17.0;
				MTL_ENABLE_DEBUG_INFO = NO;
				MTL_FAST_MATH = YES;
				SDKROOT = iphoneos;
				SWIFT_COMPILATION_MODE = wholemodule;
				SWIFT_OPTIMIZATION_LEVEL = "-O";
				VALIDATE_PRODUCT = YES;
			};
			name = Release;
		};
		9C0B9A4B270F692100DF2B5F /* Debug */ = {
			isa = XCBuildConfiguration;
			buildSettings = {
				ASSETCATALOG_COMPILER_APPICON_NAME = AppIcon;
				ASSETCATALOG_COMPILER_GLOBAL_ACCENT_COLOR_NAME = AccentColor;
				CODE_SIGN_STYLE = Automatic;
				CURRENT_PROJECT_VERSION = 1;
				DEVELOPMENT_ASSET_PATHS = "\"iChat/Preview Content\"";
				ENABLE_PREVIEWS = YES;
				GENERATE_INFOPLIST_FILE = YES;
				INFOPLIST_KEY_UIApplicationSceneManifest_Generation = YES;
				INFOPLIST_KEY_UIApplicationSupportsIndirectInputEvents = YES;
				INFOPLIST_KEY_UILaunchScreen_Generation = YES;
				INFOPLIST_KEY_UISupportedInterfaceOrientations = UIInterfaceOrientationPortrait;
				IPHONEOS_DEPLOYMENT_TARGET = 17.0;
				LD_RUNPATH_SEARCH_PATHS = (
					"$(inherited)",
					"@executable_path/Frameworks",
				);
				MARKETING_VERSION = 1.0;
				PRODUCT_BUNDLE_IDENTIFIER = co.tiagoaguiar.tutorial.iChat;
				PRODUCT_NAME = "$(TARGET_NAME)";
				SWIFT_EMIT_LOC_STRINGS = YES;
				SWIFT_VERSION = 5.0;
				TARGETED_DEVICE_FAMILY = "1,2";
			};
			name = Debug;
		};
		9C0B9A4C270F692100DF2B5F /* Release */ = {
			isa = XCBuildConfiguration;
			buildSettings = {
				ASSETCATALOG_COMPILER_APPICON_NAME = AppIcon;
				ASSETCATALOG_COMPILER_GLOBAL_ACCENT_COLOR_NAME = AccentColor;
				CODE_SIGN_STYLE = Automatic;
				CURRENT_PROJECT_VERSION = 1;
				DEVELOPMENT_ASSET_PATHS = "\"iChat/Preview Content\"";
				ENABLE_PREVIEWS = YES;
				GENERATE_INFOPLIST_FILE = YES;
				INFOPLIST_KEY_UIApplicationSceneManifest_Generation = YES;
				INFOPLIST_KEY_UIApplicationSupportsIndirectInputEvents = YES;
				INFOPLIST_KEY_UILaunchScreen_Generation = YES;
				INFOPLIST_KEY_UISupportedInterfaceOrientations = UIInterfaceOrientationPortrait;
				IPHONEOS_DEPLOYMENT_TARGET = 17.0;
				LD_RUNPATH_SEARCH_PATHS = (
					"$(inherited)",
					"@executable_path/Frameworks",
				);
				MARKETING_VERSION = 1.0;
				PRODUCT_BUNDLE_IDENTIFIER = co.tiagoaguiar.tutorial.iChat;
				PRODUCT_NAME = "$(TARGET_NAME)";
				SWIFT_EMIT_LOC_STRINGS = YES;
				SWIFT_VERSION = 5.0;
				TARGETED_DEVICE_FAMILY = "1,2";
			};
			name = Release;
		};
/* End XCBuildConfiguration section */

/* Begin XCConfigurationList section */
		9C0B9A37270F691D00DF2B5F /* Build configuration list for PBXProject "iChat" */ = {
			isa = XCConfigurationList;
			buildConfigurations = (
				9C0B9A48270F692100DF2B5F /* Debug */,
				9C0B9A49270F692100DF2B5F /* Release */,
			);
			defaultConfigurationIsVisible = 0;
			defaultConfigurationName = Release;
		};
		9C0B9A4A270F692100DF2B5F /* Build configuration list for PBXNativeTarget "iChat" */ = {
			isa = XCConfigurationList;
			buildConfigurations = (
				9C0B9A4B270F692100DF2B5F /* Debug */,
				9C0B9A4C270F692100DF2B5F /* Release */,
			);
			defaultConfigurationIsVisible = 0;
			defaultConfigurationName = Release;
		};
/* End XCConfigurationList section */
	};
	rootObject = 9C0B9A34270F691D00DF2B5F /* Project object */;
}
